PODS:
  - Alamofire (3.3.1)
  - Gloss (0.7.2)
  - SDWebImage (3.7.5):
    - SDWebImage/Core (= 3.7.5)
  - SDWebImage/Core (3.7.5)
  - SVProgressHUD (2.0.3)

DEPENDENCIES:
  - Alamofire (~> 3.3)
  - Gloss (~> 0.7)
  - SDWebImage (~> 3.7)
  - SVProgressHUD

SPEC CHECKSUMS:
  Alamofire: 369bc67b6f5ac33ded3648d7bd21c5bfb91c2ecc
  Gloss: 45eb51aaa6f2725341aec8d8caa65cfcc31f7f3b
  SDWebImage: 69c6303e3348fba97e03f65d65d4fbc26740f461
  SVProgressHUD: b0830714205bea1317ea1a2ebc71e5633af334d4

PODFILE CHECKSUM: 218ed6adbfbb19dd8b63cbfb56d32820d2ff3e65

COCOAPODS: 1.0.0.beta.8
